
Microsoft Visual Studio Solution File, Format Version 12.00
# Visual Studio 15
VisualStudioVersion = 15.0.26124.0
MinimumVisualStudioVersion = 15.0.26124.0
Project("{2150E333-8FDC-42A3-9474-1A3956D46DE8}") = "src", "src", "{F753231E-84D8-4226-AE81-F74C5A793E6E}"
EndProject
Project("{2150E333-8FDC-42A3-9474-1A3956D46DE8}") = "test", "test", "{862B5404-C709-47F7-80A5-D6265E358CDD}"
EndProject
Project("{2150E333-8FDC-42A3-9474-1A3956D46DE8}") = "app-sql", "app-sql", "{BDAC4B69-A373-4429-9E2B-61FC8BFF0E13}"
EndProject
Project("{2150E333-8FDC-42A3-9474-1A3956D46DE8}") = "apps", "apps", "{8E7012CE-75E7-4B0E-8ED0-9C727C6CCF2D}"
EndProject
Project("{FAE04EC0-301F-11D3-BF4B-00C04F79EFBC}") = "Frontend", "src\apps\app-sql\frontend\Frontend.csproj", "{417B8BA7-8F4F-48CB-8D08-F6BD7DD313BB}"
EndProject
Project("{2150E333-8FDC-42A3-9474-1A3956D46DE8}") = "graphql", "graphql", "{EA6C07D3-DC0F-4D57-A34E-961B0783A3B2}"
EndProject
Project("{FAE04EC0-301F-11D3-BF4B-00C04F79EFBC}") = "Web.GraphQL", "src\graphql\web-graphql\Web.GraphQL.csproj", "{5D48D9BD-FDFE-4A04-A59B-EF8D76DB942D}"
EndProject
Project("{2150E333-8FDC-42A3-9474-1A3956D46DE8}") = "reads", "reads", "{2A3107DA-4C75-4005-8134-C18ADBD0D293}"
EndProject
Project("{FAE04EC0-301F-11D3-BF4B-00C04F79EFBC}") = "ReadModel.InMemory", "src\reads\readmodel-in-memory\ReadModel.InMemory.csproj", "{897B4DB2-A72B-4F72-ADF6-B0C0965414E4}"
EndProject
Project("{2150E333-8FDC-42A3-9474-1A3956D46DE8}") = "writes", "writes", "{9DF8EAB5-53E1-417E-A264-43AD2A64B97B}"
EndProject
Project("{FAE04EC0-301F-11D3-BF4B-00C04F79EFBC}") = "Cqrs", "src\writes\cqrs\Cqrs.csproj", "{D8184E87-5180-42D6-8BE3-3FFAAD2D7AA3}"
EndProject
Project("{FAE04EC0-301F-11D3-BF4B-00C04F79EFBC}") = "Todo", "src\writes\todo\Todo.csproj", "{BC05452A-14E9-4F8C-9736-582CABAD86C0}"
EndProject
Project("{FAE04EC0-301F-11D3-BF4B-00C04F79EFBC}") = "Todo.Events", "src\writes\todo-events\Todo.Events.csproj", "{F00E5A28-C264-4EC8-8762-BAB73DAB0A67}"
EndProject
Project("{FAE04EC0-301F-11D3-BF4B-00C04F79EFBC}") = "EventStore.Sql", "src\writes\event-store-sql\EventStore.Sql.csproj", "{4C9504F1-63FA-4A4D-858E-B4CADA0F4755}"
EndProject
Project("{2150E333-8FDC-42A3-9474-1A3956D46DE8}") = "writes", "writes", "{CB3992FA-8E19-4F49-BA81-8BA69EC3409B}"
EndProject
Project("{FAE04EC0-301F-11D3-BF4B-00C04F79EFBC}") = "Cqrs.Test", "test\writes\cqrs-test\Cqrs.Test.csproj", "{EEF5D311-BF89-42FE-9736-1D548B066C86}"
EndProject
Project("{FAE04EC0-301F-11D3-BF4B-00C04F79EFBC}") = "Todo.Test", "test\writes\todo-test\Todo.Test.csproj", "{D0233F33-1CBF-49ED-8679-0A9D1F2CB272}"
EndProject
Project("{2150E333-8FDC-42A3-9474-1A3956D46DE8}") = "reads", "reads", "{F263DE2C-6103-4397-8230-000F287446E9}"
EndProject
Project("{FAE04EC0-301F-11D3-BF4B-00C04F79EFBC}") = "ReadModel.InMemory.Test", "test\reads\readmodel-in-memory\ReadModel.InMemory.Test.csproj", "{55C99DF4-1F81-454F-952F-67C694457104}"
EndProject
Global
	GlobalSection(SolutionConfigurationPlatforms) = preSolution
		Debug|Any CPU = Debug|Any CPU
		Release|Any CPU = Release|Any CPU
	EndGlobalSection
	GlobalSection(ProjectConfigurationPlatforms) = postSolution
		{417B8BA7-8F4F-48CB-8D08-F6BD7DD313BB}.Debug|Any CPU.ActiveCfg = Debug|Any CPU
		{417B8BA7-8F4F-48CB-8D08-F6BD7DD313BB}.Debug|Any CPU.Build.0 = Debug|Any CPU
		{417B8BA7-8F4F-48CB-8D08-F6BD7DD313BB}.Release|Any CPU.ActiveCfg = Release|Any CPU
		{417B8BA7-8F4F-48CB-8D08-F6BD7DD313BB}.Release|Any CPU.Build.0 = Release|Any CPU
		{5D48D9BD-FDFE-4A04-A59B-EF8D76DB942D}.Debug|Any CPU.ActiveCfg = Debug|Any CPU
		{5D48D9BD-FDFE-4A04-A59B-EF8D76DB942D}.Debug|Any CPU.Build.0 = Debug|Any CPU
		{5D48D9BD-FDFE-4A04-A59B-EF8D76DB942D}.Release|Any CPU.ActiveCfg = Release|Any CPU
		{5D48D9BD-FDFE-4A04-A59B-EF8D76DB942D}.Release|Any CPU.Build.0 = Release|Any CPU
		{897B4DB2-A72B-4F72-ADF6-B0C0965414E4}.Debug|Any CPU.ActiveCfg = Debug|Any CPU
		{897B4DB2-A72B-4F72-ADF6-B0C0965414E4}.Debug|Any CPU.Build.0 = Debug|Any CPU
		{897B4DB2-A72B-4F72-ADF6-B0C0965414E4}.Release|Any CPU.ActiveCfg = Release|Any CPU
		{897B4DB2-A72B-4F72-ADF6-B0C0965414E4}.Release|Any CPU.Build.0 = Release|Any CPU
		{D8184E87-5180-42D6-8BE3-3FFAAD2D7AA3}.Debug|Any CPU.ActiveCfg = Debug|Any CPU
		{D8184E87-5180-42D6-8BE3-3FFAAD2D7AA3}.Debug|Any CPU.Build.0 = Debug|Any CPU
		{D8184E87-5180-42D6-8BE3-3FFAAD2D7AA3}.Release|Any CPU.ActiveCfg = Release|Any CPU
		{D8184E87-5180-42D6-8BE3-3FFAAD2D7AA3}.Release|Any CPU.Build.0 = Release|Any CPU
		{BC05452A-14E9-4F8C-9736-582CABAD86C0}.Debug|Any CPU.ActiveCfg = Debug|Any CPU
		{BC05452A-14E9-4F8C-9736-582CABAD86C0}.Debug|Any CPU.Build.0 = Debug|Any CPU
		{BC05452A-14E9-4F8C-9736-582CABAD86C0}.Release|Any CPU.ActiveCfg = Release|Any CPU
		{BC05452A-14E9-4F8C-9736-582CABAD86C0}.Release|Any CPU.Build.0 = Release|Any CPU
		{F00E5A28-C264-4EC8-8762-BAB73DAB0A67}.Debug|Any CPU.ActiveCfg = Debug|Any CPU
		{F00E5A28-C264-4EC8-8762-BAB73DAB0A67}.Debug|Any CPU.Build.0 = Debug|Any CPU
		{F00E5A28-C264-4EC8-8762-BAB73DAB0A67}.Release|Any CPU.ActiveCfg = Release|Any CPU
		{F00E5A28-C264-4EC8-8762-BAB73DAB0A67}.Release|Any CPU.Build.0 = Release|Any CPU
		{4C9504F1-63FA-4A4D-858E-B4CADA0F4755}.Debug|Any CPU.ActiveCfg = Debug|Any CPU
		{4C9504F1-63FA-4A4D-858E-B4CADA0F4755}.Debug|Any CPU.Build.0 = Debug|Any CPU
		{4C9504F1-63FA-4A4D-858E-B4CADA0F4755}.Release|Any CPU.ActiveCfg = Release|Any CPU
		{4C9504F1-63FA-4A4D-858E-B4CADA0F4755}.Release|Any CPU.Build.0 = Release|Any CPU
		{EEF5D311-BF89-42FE-9736-1D548B066C86}.Debug|Any CPU.ActiveCfg = Debug|Any CPU
		{EEF5D311-BF89-42FE-9736-1D548B066C86}.Debug|Any CPU.Build.0 = Debug|Any CPU
		{EEF5D311-BF89-42FE-9736-1D548B066C86}.Release|Any CPU.ActiveCfg = Release|Any CPU
		{EEF5D311-BF89-42FE-9736-1D548B066C86}.Release|Any CPU.Build.0 = Release|Any CPU
		{D0233F33-1CBF-49ED-8679-0A9D1F2CB272}.Debug|Any CPU.ActiveCfg = Debug|Any CPU
		{D0233F33-1CBF-49ED-8679-0A9D1F2CB272}.Debug|Any CPU.Build.0 = Debug|Any CPU
		{D0233F33-1CBF-49ED-8679-0A9D1F2CB272}.Release|Any CPU.ActiveCfg = Release|Any CPU
		{D0233F33-1CBF-49ED-8679-0A9D1F2CB272}.Release|Any CPU.Build.0 = Release|Any CPU
		{55C99DF4-1F81-454F-952F-67C694457104}.Debug|Any CPU.ActiveCfg = Debug|Any CPU
		{55C99DF4-1F81-454F-952F-67C694457104}.Debug|Any CPU.Build.0 = Debug|Any CPU
		{55C99DF4-1F81-454F-952F-67C694457104}.Release|Any CPU.ActiveCfg = Release|Any CPU
		{55C99DF4-1F81-454F-952F-67C694457104}.Release|Any CPU.Build.0 = Release|Any CPU
	EndGlobalSection
	GlobalSection(SolutionProperties) = preSolution
		HideSolutionNode = FALSE
	EndGlobalSection
	GlobalSection(NestedProjects) = preSolution
		{8E7012CE-75E7-4B0E-8ED0-9C727C6CCF2D} = {F753231E-84D8-4226-AE81-F74C5A793E6E}
		{BDAC4B69-A373-4429-9E2B-61FC8BFF0E13} = {8E7012CE-75E7-4B0E-8ED0-9C727C6CCF2D}
		{417B8BA7-8F4F-48CB-8D08-F6BD7DD313BB} = {BDAC4B69-A373-4429-9E2B-61FC8BFF0E13}
		{EA6C07D3-DC0F-4D57-A34E-961B0783A3B2} = {F753231E-84D8-4226-AE81-F74C5A793E6E}
		{5D48D9BD-FDFE-4A04-A59B-EF8D76DB942D} = {EA6C07D3-DC0F-4D57-A34E-961B0783A3B2}
		{2A3107DA-4C75-4005-8134-C18ADBD0D293} = {F753231E-84D8-4226-AE81-F74C5A793E6E}
		{897B4DB2-A72B-4F72-ADF6-B0C0965414E4} = {2A3107DA-4C75-4005-8134-C18ADBD0D293}
		{9DF8EAB5-53E1-417E-A264-43AD2A64B97B} = {F753231E-84D8-4226-AE81-F74C5A793E6E}
		{D8184E87-5180-42D6-8BE3-3FFAAD2D7AA3} = {9DF8EAB5-53E1-417E-A264-43AD2A64B97B}
		{BC05452A-14E9-4F8C-9736-582CABAD86C0} = {9DF8EAB5-53E1-417E-A264-43AD2A64B97B}
		{F00E5A28-C264-4EC8-8762-BAB73DAB0A67} = {9DF8EAB5-53E1-417E-A264-43AD2A64B97B}
		{4C9504F1-63FA-4A4D-858E-B4CADA0F4755} = {9DF8EAB5-53E1-417E-A264-43AD2A64B97B}
		{CB3992FA-8E19-4F49-BA81-8BA69EC3409B} = {862B5404-C709-47F7-80A5-D6265E358CDD}
		{EEF5D311-BF89-42FE-9736-1D548B066C86} = {CB3992FA-8E19-4F49-BA81-8BA69EC3409B}
		{D0233F33-1CBF-49ED-8679-0A9D1F2CB272} = {CB3992FA-8E19-4F49-BA81-8BA69EC3409B}
		{F263DE2C-6103-4397-8230-000F287446E9} = {862B5404-C709-47F7-80A5-D6265E358CDD}
		{55C99DF4-1F81-454F-952F-67C694457104} = {F263DE2C-6103-4397-8230-000F287446E9}
	EndGlobalSection
	GlobalSection(ExtensibilityGlobals) = postSolution
		SolutionGuid = {E23D2172-9A43-4806-9739-B39D6DA6FEAC}
	EndGlobalSection
EndGlobal
