
Microsoft Visual Studio Solution File, Format Version 12.00
# Visual Studio 15
VisualStudioVersion = 15.0.26124.0
MinimumVisualStudioVersion = 15.0.26124.0
Project("{2150E333-8FDC-42A3-9474-1A3956D46DE8}") = "src", "src", "{F753231E-84D8-4226-AE81-F74C5A793E6E}"
EndProject
Project("{2150E333-8FDC-42A3-9474-1A3956D46DE8}") = "test", "test", "{862B5404-C709-47F7-80A5-D6265E358CDD}"
EndProject
Project("{2150E333-8FDC-42A3-9474-1A3956D46DE8}") = "apps", "apps", "{F14AB36E-BFB8-442E-BB0C-B1DDC29550D4}"
EndProject
Project("{2150E333-8FDC-42A3-9474-1A3956D46DE8}") = "reads", "reads", "{DBA6BE74-0F23-48B9-B52F-267E0E18759F}"
EndProject
Project("{9A19103F-16F7-4668-BE54-9A1E7A4F7556}") = "ReadModel.InMemory", "src\reads\readmodel-in-memory\ReadModel.InMemory.csproj", "{333B42E9-A16B-4FC9-87CF-82D37B93514D}"
EndProject
Project("{2150E333-8FDC-42A3-9474-1A3956D46DE8}") = "writes", "writes", "{2E2DF3A3-ED7E-4938-8E65-652CA8DECFD9}"
EndProject
Project("{9A19103F-16F7-4668-BE54-9A1E7A4F7556}") = "Cqrs", "src\writes\cqrs\Cqrs.csproj", "{B1E0EE7F-B37B-48BB-8771-A3B2B1AA477D}"
EndProject
Project("{9A19103F-16F7-4668-BE54-9A1E7A4F7556}") = "Todo", "src\writes\todo\Todo.csproj", "{3BD52DF8-03B9-449C-8996-EF308FF4F53F}"
EndProject
Project("{9A19103F-16F7-4668-BE54-9A1E7A4F7556}") = "Todo.Events", "src\writes\todo-events\Todo.Events.csproj", "{F51EAB06-E98D-48CC-A903-4565C4C2B766}"
EndProject
Project("{2150E333-8FDC-42A3-9474-1A3956D46DE8}") = "writes", "writes", "{C0B692E2-7C85-468D-A618-17FDA6510932}"
EndProject
Project("{9A19103F-16F7-4668-BE54-9A1E7A4F7556}") = "Cqrs.Test", "test\writes\cqrs-test\Cqrs.Test.csproj", "{57BF47FE-88C6-4FFE-A6ED-49E42B121F19}"
EndProject
Project("{9A19103F-16F7-4668-BE54-9A1E7A4F7556}") = "Todo.Test", "test\writes\todo-test\Todo.Test.csproj", "{1C8C3D51-B7D4-4FF7-B06D-F7BF9CF8430E}"
EndProject
Project("{2150E333-8FDC-42A3-9474-1A3956D46DE8}") = "reads", "reads", "{CB21FAAB-32FB-4055-98FC-E7AD062EFCC2}"
EndProject
Project("{9A19103F-16F7-4668-BE54-9A1E7A4F7556}") = "ReadModel.InMemory.Test", "test\reads\readmodel-in-memory\ReadModel.InMemory.Test.csproj", "{5EF0221E-3F80-4743-AA52-0453A44B5928}"
EndProject
Project("{2150E333-8FDC-42A3-9474-1A3956D46DE8}") = "graphql", "graphql", "{9F4F27D1-2E1F-4479-86C4-9A84523B647A}"
EndProject
Project("{9A19103F-16F7-4668-BE54-9A1E7A4F7556}") = "Web.GraphQL", "src\graphql\web-graphql\Web.GraphQL.csproj", "{BA532B7B-ADDA-41FF-A8F0-971C9A41F3E5}"
EndProject
Project("{2150E333-8FDC-42A3-9474-1A3956D46DE8}") = "3.no-sql-event-store.in-memory-readmodel", "3.no-sql-event-store.in-memory-readmodel", "{D5ED651F-02E5-4318-B5A7-470BBC03C798}"
EndProject
Project("{9A19103F-16F7-4668-BE54-9A1E7A4F7556}") = "Frontend", "src\apps\3.no-sql-event-store.in-memory-readmodel\frontend\Frontend.csproj", "{27D0EE7A-A4AE-45FB-97C5-FC1251096B96}"
EndProject
Project("{9A19103F-16F7-4668-BE54-9A1E7A4F7556}") = "EventStore.NoSql", "src\writes\event-store-no-sql\EventStore.NoSql.csproj", "{8A0C0E23-8D6E-461A-810C-B387833EA4F4}"
EndProject
Global
	GlobalSection(SolutionConfigurationPlatforms) = preSolution
		Debug|Any CPU = Debug|Any CPU
		Release|Any CPU = Release|Any CPU
	EndGlobalSection
	GlobalSection(ProjectConfigurationPlatforms) = postSolution
		{333B42E9-A16B-4FC9-87CF-82D37B93514D}.Debug|Any CPU.ActiveCfg = Debug|Any CPU
		{333B42E9-A16B-4FC9-87CF-82D37B93514D}.Debug|Any CPU.Build.0 = Debug|Any CPU
		{333B42E9-A16B-4FC9-87CF-82D37B93514D}.Release|Any CPU.ActiveCfg = Release|Any CPU
		{333B42E9-A16B-4FC9-87CF-82D37B93514D}.Release|Any CPU.Build.0 = Release|Any CPU
		{B1E0EE7F-B37B-48BB-8771-A3B2B1AA477D}.Debug|Any CPU.ActiveCfg = Debug|Any CPU
		{B1E0EE7F-B37B-48BB-8771-A3B2B1AA477D}.Debug|Any CPU.Build.0 = Debug|Any CPU
		{B1E0EE7F-B37B-48BB-8771-A3B2B1AA477D}.Release|Any CPU.ActiveCfg = Release|Any CPU
		{B1E0EE7F-B37B-48BB-8771-A3B2B1AA477D}.Release|Any CPU.Build.0 = Release|Any CPU
		{3BD52DF8-03B9-449C-8996-EF308FF4F53F}.Debug|Any CPU.ActiveCfg = Debug|Any CPU
		{3BD52DF8-03B9-449C-8996-EF308FF4F53F}.Debug|Any CPU.Build.0 = Debug|Any CPU
		{3BD52DF8-03B9-449C-8996-EF308FF4F53F}.Release|Any CPU.ActiveCfg = Release|Any CPU
		{3BD52DF8-03B9-449C-8996-EF308FF4F53F}.Release|Any CPU.Build.0 = Release|Any CPU
		{F51EAB06-E98D-48CC-A903-4565C4C2B766}.Debug|Any CPU.ActiveCfg = Debug|Any CPU
		{F51EAB06-E98D-48CC-A903-4565C4C2B766}.Debug|Any CPU.Build.0 = Debug|Any CPU
		{F51EAB06-E98D-48CC-A903-4565C4C2B766}.Release|Any CPU.ActiveCfg = Release|Any CPU
		{F51EAB06-E98D-48CC-A903-4565C4C2B766}.Release|Any CPU.Build.0 = Release|Any CPU
		{57BF47FE-88C6-4FFE-A6ED-49E42B121F19}.Debug|Any CPU.ActiveCfg = Debug|Any CPU
		{57BF47FE-88C6-4FFE-A6ED-49E42B121F19}.Debug|Any CPU.Build.0 = Debug|Any CPU
		{57BF47FE-88C6-4FFE-A6ED-49E42B121F19}.Release|Any CPU.ActiveCfg = Release|Any CPU
		{57BF47FE-88C6-4FFE-A6ED-49E42B121F19}.Release|Any CPU.Build.0 = Release|Any CPU
		{1C8C3D51-B7D4-4FF7-B06D-F7BF9CF8430E}.Debug|Any CPU.ActiveCfg = Debug|Any CPU
		{1C8C3D51-B7D4-4FF7-B06D-F7BF9CF8430E}.Debug|Any CPU.Build.0 = Debug|Any CPU
		{1C8C3D51-B7D4-4FF7-B06D-F7BF9CF8430E}.Release|Any CPU.ActiveCfg = Release|Any CPU
		{1C8C3D51-B7D4-4FF7-B06D-F7BF9CF8430E}.Release|Any CPU.Build.0 = Release|Any CPU
		{5EF0221E-3F80-4743-AA52-0453A44B5928}.Debug|Any CPU.ActiveCfg = Debug|Any CPU
		{5EF0221E-3F80-4743-AA52-0453A44B5928}.Debug|Any CPU.Build.0 = Debug|Any CPU
		{5EF0221E-3F80-4743-AA52-0453A44B5928}.Release|Any CPU.ActiveCfg = Release|Any CPU
		{5EF0221E-3F80-4743-AA52-0453A44B5928}.Release|Any CPU.Build.0 = Release|Any CPU
		{BA532B7B-ADDA-41FF-A8F0-971C9A41F3E5}.Debug|Any CPU.ActiveCfg = Debug|Any CPU
		{BA532B7B-ADDA-41FF-A8F0-971C9A41F3E5}.Debug|Any CPU.Build.0 = Debug|Any CPU
		{BA532B7B-ADDA-41FF-A8F0-971C9A41F3E5}.Release|Any CPU.ActiveCfg = Release|Any CPU
		{BA532B7B-ADDA-41FF-A8F0-971C9A41F3E5}.Release|Any CPU.Build.0 = Release|Any CPU
		{27D0EE7A-A4AE-45FB-97C5-FC1251096B96}.Debug|Any CPU.ActiveCfg = Debug|Any CPU
		{27D0EE7A-A4AE-45FB-97C5-FC1251096B96}.Debug|Any CPU.Build.0 = Debug|Any CPU
		{27D0EE7A-A4AE-45FB-97C5-FC1251096B96}.Release|Any CPU.ActiveCfg = Release|Any CPU
		{27D0EE7A-A4AE-45FB-97C5-FC1251096B96}.Release|Any CPU.Build.0 = Release|Any CPU
		{8A0C0E23-8D6E-461A-810C-B387833EA4F4}.Debug|Any CPU.ActiveCfg = Debug|Any CPU
		{8A0C0E23-8D6E-461A-810C-B387833EA4F4}.Debug|Any CPU.Build.0 = Debug|Any CPU
		{8A0C0E23-8D6E-461A-810C-B387833EA4F4}.Release|Any CPU.ActiveCfg = Release|Any CPU
		{8A0C0E23-8D6E-461A-810C-B387833EA4F4}.Release|Any CPU.Build.0 = Release|Any CPU
	EndGlobalSection
	GlobalSection(SolutionProperties) = preSolution
		HideSolutionNode = FALSE
	EndGlobalSection
	GlobalSection(NestedProjects) = preSolution
		{F14AB36E-BFB8-442E-BB0C-B1DDC29550D4} = {F753231E-84D8-4226-AE81-F74C5A793E6E}
		{DBA6BE74-0F23-48B9-B52F-267E0E18759F} = {F753231E-84D8-4226-AE81-F74C5A793E6E}
		{333B42E9-A16B-4FC9-87CF-82D37B93514D} = {DBA6BE74-0F23-48B9-B52F-267E0E18759F}
		{2E2DF3A3-ED7E-4938-8E65-652CA8DECFD9} = {F753231E-84D8-4226-AE81-F74C5A793E6E}
		{B1E0EE7F-B37B-48BB-8771-A3B2B1AA477D} = {2E2DF3A3-ED7E-4938-8E65-652CA8DECFD9}
		{3BD52DF8-03B9-449C-8996-EF308FF4F53F} = {2E2DF3A3-ED7E-4938-8E65-652CA8DECFD9}
		{F51EAB06-E98D-48CC-A903-4565C4C2B766} = {2E2DF3A3-ED7E-4938-8E65-652CA8DECFD9}
		{C0B692E2-7C85-468D-A618-17FDA6510932} = {862B5404-C709-47F7-80A5-D6265E358CDD}
		{57BF47FE-88C6-4FFE-A6ED-49E42B121F19} = {C0B692E2-7C85-468D-A618-17FDA6510932}
		{1C8C3D51-B7D4-4FF7-B06D-F7BF9CF8430E} = {C0B692E2-7C85-468D-A618-17FDA6510932}
		{CB21FAAB-32FB-4055-98FC-E7AD062EFCC2} = {862B5404-C709-47F7-80A5-D6265E358CDD}
		{5EF0221E-3F80-4743-AA52-0453A44B5928} = {CB21FAAB-32FB-4055-98FC-E7AD062EFCC2}
		{9F4F27D1-2E1F-4479-86C4-9A84523B647A} = {F753231E-84D8-4226-AE81-F74C5A793E6E}
		{BA532B7B-ADDA-41FF-A8F0-971C9A41F3E5} = {9F4F27D1-2E1F-4479-86C4-9A84523B647A}
		{D5ED651F-02E5-4318-B5A7-470BBC03C798} = {F14AB36E-BFB8-442E-BB0C-B1DDC29550D4}
		{27D0EE7A-A4AE-45FB-97C5-FC1251096B96} = {D5ED651F-02E5-4318-B5A7-470BBC03C798}
		{8A0C0E23-8D6E-461A-810C-B387833EA4F4} = {2E2DF3A3-ED7E-4938-8E65-652CA8DECFD9}
	EndGlobalSection
	GlobalSection(ExtensibilityGlobals) = postSolution
		SolutionGuid = {E23D2172-9A43-4806-9739-B39D6DA6FEAC}
	EndGlobalSection
EndGlobal
