
Microsoft Visual Studio Solution File, Format Version 12.00
# Visual Studio 15
VisualStudioVersion = 15.0.26124.0
MinimumVisualStudioVersion = 15.0.26124.0
Project("{2150E333-8FDC-42A3-9474-1A3956D46DE8}") = "src", "src", "{F753231E-84D8-4226-AE81-F74C5A793E6E}"
EndProject
Project("{2150E333-8FDC-42A3-9474-1A3956D46DE8}") = "test", "test", "{862B5404-C709-47F7-80A5-D6265E358CDD}"
EndProject
Project("{9A19103F-16F7-4668-BE54-9A1E7A4F7556}") = "Cqrs.Test", "test\shared\cqrs-test\Cqrs.Test.csproj", "{971B50FA-843A-480B-8EB6-D6FEC890C838}"
EndProject
Project("{9A19103F-16F7-4668-BE54-9A1E7A4F7556}") = "Todo.Test", "test\shared\todo-test\Todo.Test.csproj", "{7A0C7A48-773C-4205-B79B-18C7A10900B5}"
EndProject
Project("{9A19103F-16F7-4668-BE54-9A1E7A4F7556}") = "Todo.ReadModel.Test", "test\shared\todo-readmodel-test\Todo.ReadModel.Test.csproj", "{35516C9E-5AF5-4C48-9CCE-D43BDA67ECA4}"
EndProject
Project("{2150E333-8FDC-42A3-9474-1A3956D46DE8}") = "shared", "shared", "{629B7C51-D3ED-431A-9891-DEB1CFA95D22}"
EndProject
Project("{2150E333-8FDC-42A3-9474-1A3956D46DE8}") = "app-no-sql", "app-no-sql", "{85981B5E-0E94-45A9-BB2E-D3563663C1FE}"
EndProject
Project("{9A19103F-16F7-4668-BE54-9A1E7A4F7556}") = "EventStore.NoSql", "src\event-stores\event-store-no-sql\EventStore.NoSql.csproj", "{2D99772A-0C82-4A70-8919-D820CB878FDF}"
EndProject
Project("{2150E333-8FDC-42A3-9474-1A3956D46DE8}") = "event-stores", "event-stores", "{2CFB1C86-8F55-460E-9FE3-B0EF7EF9590A}"
EndProject
Project("{2150E333-8FDC-42A3-9474-1A3956D46DE8}") = "apps", "apps", "{08A2C21D-AF89-4CF7-836E-216C362B656F}"
EndProject
Project("{FAE04EC0-301F-11D3-BF4B-00C04F79EFBC}") = "Frontend", "src\apps\app-no-sql\frontend\Frontend.csproj", "{719626A6-098B-4E50-A41D-56EB0102F913}"
EndProject
Project("{2150E333-8FDC-42A3-9474-1A3956D46DE8}") = "writes", "writes", "{76F4A3EE-6F1A-4B91-BF72-D0382BE03675}"
EndProject
Project("{2150E333-8FDC-42A3-9474-1A3956D46DE8}") = "reads", "reads", "{A6AC73B9-8FAB-4E4B-85E3-852F0B8C98EC}"
EndProject
Project("{FAE04EC0-301F-11D3-BF4B-00C04F79EFBC}") = "ReadModel.InMemory", "src\reads\readmodel-in-memory\ReadModel.InMemory.csproj", "{816CAF73-A6EB-492B-B0CB-05A154419D00}"
EndProject
Project("{FAE04EC0-301F-11D3-BF4B-00C04F79EFBC}") = "Cqrs", "src\writes\cqrs\Cqrs.csproj", "{6D31BED8-D9A9-48A2-8CA6-D96D47298C51}"
EndProject
Project("{FAE04EC0-301F-11D3-BF4B-00C04F79EFBC}") = "Todo", "src\writes\todo\Todo.csproj", "{1E2DB0F9-2673-4B23-96B9-BA6D8BFEF0D2}"
EndProject
Project("{FAE04EC0-301F-11D3-BF4B-00C04F79EFBC}") = "Todo.Events", "src\writes\todo-events\Todo.Events.csproj", "{E4B5A171-531C-4987-9E54-7204E68F8944}"
EndProject
Project("{2150E333-8FDC-42A3-9474-1A3956D46DE8}") = "graphql", "graphql", "{5335FEDB-96DF-4FF4-9D0E-606FD26D098B}"
EndProject
Project("{FAE04EC0-301F-11D3-BF4B-00C04F79EFBC}") = "Web.GraphQL", "src\graphql\web-graphql\Web.GraphQL.csproj", "{B1EBD18D-8A1C-4CC2-8D78-775125619CD6}"
EndProject
Project("{FAE04EC0-301F-11D3-BF4B-00C04F79EFBC}") = "EventStore.NoSql", "src\writes\event-store-no-sql\EventStore.NoSql.csproj", "{2F065F85-98B1-4C68-8101-FF3C2D6E3664}"
EndProject
Global
	GlobalSection(SolutionConfigurationPlatforms) = preSolution
		Debug|Any CPU = Debug|Any CPU
		Release|Any CPU = Release|Any CPU
	EndGlobalSection
	GlobalSection(ProjectConfigurationPlatforms) = postSolution
		{971B50FA-843A-480B-8EB6-D6FEC890C838}.Debug|Any CPU.ActiveCfg = Debug|Any CPU
		{971B50FA-843A-480B-8EB6-D6FEC890C838}.Debug|Any CPU.Build.0 = Debug|Any CPU
		{971B50FA-843A-480B-8EB6-D6FEC890C838}.Release|Any CPU.ActiveCfg = Release|Any CPU
		{971B50FA-843A-480B-8EB6-D6FEC890C838}.Release|Any CPU.Build.0 = Release|Any CPU
		{7A0C7A48-773C-4205-B79B-18C7A10900B5}.Debug|Any CPU.ActiveCfg = Debug|Any CPU
		{7A0C7A48-773C-4205-B79B-18C7A10900B5}.Debug|Any CPU.Build.0 = Debug|Any CPU
		{7A0C7A48-773C-4205-B79B-18C7A10900B5}.Release|Any CPU.ActiveCfg = Release|Any CPU
		{7A0C7A48-773C-4205-B79B-18C7A10900B5}.Release|Any CPU.Build.0 = Release|Any CPU
		{35516C9E-5AF5-4C48-9CCE-D43BDA67ECA4}.Debug|Any CPU.ActiveCfg = Debug|Any CPU
		{35516C9E-5AF5-4C48-9CCE-D43BDA67ECA4}.Debug|Any CPU.Build.0 = Debug|Any CPU
		{35516C9E-5AF5-4C48-9CCE-D43BDA67ECA4}.Release|Any CPU.ActiveCfg = Release|Any CPU
		{35516C9E-5AF5-4C48-9CCE-D43BDA67ECA4}.Release|Any CPU.Build.0 = Release|Any CPU
		{2D99772A-0C82-4A70-8919-D820CB878FDF}.Debug|Any CPU.ActiveCfg = Debug|Any CPU
		{2D99772A-0C82-4A70-8919-D820CB878FDF}.Debug|Any CPU.Build.0 = Debug|Any CPU
		{2D99772A-0C82-4A70-8919-D820CB878FDF}.Release|Any CPU.ActiveCfg = Release|Any CPU
		{2D99772A-0C82-4A70-8919-D820CB878FDF}.Release|Any CPU.Build.0 = Release|Any CPU
		{719626A6-098B-4E50-A41D-56EB0102F913}.Debug|Any CPU.ActiveCfg = Debug|Any CPU
		{719626A6-098B-4E50-A41D-56EB0102F913}.Debug|Any CPU.Build.0 = Debug|Any CPU
		{719626A6-098B-4E50-A41D-56EB0102F913}.Release|Any CPU.ActiveCfg = Release|Any CPU
		{719626A6-098B-4E50-A41D-56EB0102F913}.Release|Any CPU.Build.0 = Release|Any CPU
		{816CAF73-A6EB-492B-B0CB-05A154419D00}.Debug|Any CPU.ActiveCfg = Debug|Any CPU
		{816CAF73-A6EB-492B-B0CB-05A154419D00}.Debug|Any CPU.Build.0 = Debug|Any CPU
		{816CAF73-A6EB-492B-B0CB-05A154419D00}.Release|Any CPU.ActiveCfg = Release|Any CPU
		{816CAF73-A6EB-492B-B0CB-05A154419D00}.Release|Any CPU.Build.0 = Release|Any CPU
		{6D31BED8-D9A9-48A2-8CA6-D96D47298C51}.Debug|Any CPU.ActiveCfg = Debug|Any CPU
		{6D31BED8-D9A9-48A2-8CA6-D96D47298C51}.Debug|Any CPU.Build.0 = Debug|Any CPU
		{6D31BED8-D9A9-48A2-8CA6-D96D47298C51}.Release|Any CPU.ActiveCfg = Release|Any CPU
		{6D31BED8-D9A9-48A2-8CA6-D96D47298C51}.Release|Any CPU.Build.0 = Release|Any CPU
		{1E2DB0F9-2673-4B23-96B9-BA6D8BFEF0D2}.Debug|Any CPU.ActiveCfg = Debug|Any CPU
		{1E2DB0F9-2673-4B23-96B9-BA6D8BFEF0D2}.Debug|Any CPU.Build.0 = Debug|Any CPU
		{1E2DB0F9-2673-4B23-96B9-BA6D8BFEF0D2}.Release|Any CPU.ActiveCfg = Release|Any CPU
		{1E2DB0F9-2673-4B23-96B9-BA6D8BFEF0D2}.Release|Any CPU.Build.0 = Release|Any CPU
		{E4B5A171-531C-4987-9E54-7204E68F8944}.Debug|Any CPU.ActiveCfg = Debug|Any CPU
		{E4B5A171-531C-4987-9E54-7204E68F8944}.Debug|Any CPU.Build.0 = Debug|Any CPU
		{E4B5A171-531C-4987-9E54-7204E68F8944}.Release|Any CPU.ActiveCfg = Release|Any CPU
		{E4B5A171-531C-4987-9E54-7204E68F8944}.Release|Any CPU.Build.0 = Release|Any CPU
		{B1EBD18D-8A1C-4CC2-8D78-775125619CD6}.Debug|Any CPU.ActiveCfg = Debug|Any CPU
		{B1EBD18D-8A1C-4CC2-8D78-775125619CD6}.Debug|Any CPU.Build.0 = Debug|Any CPU
		{B1EBD18D-8A1C-4CC2-8D78-775125619CD6}.Release|Any CPU.ActiveCfg = Release|Any CPU
		{B1EBD18D-8A1C-4CC2-8D78-775125619CD6}.Release|Any CPU.Build.0 = Release|Any CPU
		{2F065F85-98B1-4C68-8101-FF3C2D6E3664}.Debug|Any CPU.ActiveCfg = Debug|Any CPU
		{2F065F85-98B1-4C68-8101-FF3C2D6E3664}.Debug|Any CPU.Build.0 = Debug|Any CPU
		{2F065F85-98B1-4C68-8101-FF3C2D6E3664}.Release|Any CPU.ActiveCfg = Release|Any CPU
		{2F065F85-98B1-4C68-8101-FF3C2D6E3664}.Release|Any CPU.Build.0 = Release|Any CPU
	EndGlobalSection
	GlobalSection(SolutionProperties) = preSolution
		HideSolutionNode = FALSE
	EndGlobalSection
	GlobalSection(NestedProjects) = preSolution
		{971B50FA-843A-480B-8EB6-D6FEC890C838} = {629B7C51-D3ED-431A-9891-DEB1CFA95D22}
		{7A0C7A48-773C-4205-B79B-18C7A10900B5} = {629B7C51-D3ED-431A-9891-DEB1CFA95D22}
		{35516C9E-5AF5-4C48-9CCE-D43BDA67ECA4} = {629B7C51-D3ED-431A-9891-DEB1CFA95D22}
		{629B7C51-D3ED-431A-9891-DEB1CFA95D22} = {862B5404-C709-47F7-80A5-D6265E358CDD}
		{2D99772A-0C82-4A70-8919-D820CB878FDF} = {2CFB1C86-8F55-460E-9FE3-B0EF7EF9590A}
		{2CFB1C86-8F55-460E-9FE3-B0EF7EF9590A} = {F753231E-84D8-4226-AE81-F74C5A793E6E}
		{08A2C21D-AF89-4CF7-836E-216C362B656F} = {F753231E-84D8-4226-AE81-F74C5A793E6E}
		{85981B5E-0E94-45A9-BB2E-D3563663C1FE} = {08A2C21D-AF89-4CF7-836E-216C362B656F}
		{719626A6-098B-4E50-A41D-56EB0102F913} = {85981B5E-0E94-45A9-BB2E-D3563663C1FE}
		{76F4A3EE-6F1A-4B91-BF72-D0382BE03675} = {F753231E-84D8-4226-AE81-F74C5A793E6E}
		{A6AC73B9-8FAB-4E4B-85E3-852F0B8C98EC} = {F753231E-84D8-4226-AE81-F74C5A793E6E}
		{816CAF73-A6EB-492B-B0CB-05A154419D00} = {A6AC73B9-8FAB-4E4B-85E3-852F0B8C98EC}
		{6D31BED8-D9A9-48A2-8CA6-D96D47298C51} = {76F4A3EE-6F1A-4B91-BF72-D0382BE03675}
		{1E2DB0F9-2673-4B23-96B9-BA6D8BFEF0D2} = {76F4A3EE-6F1A-4B91-BF72-D0382BE03675}
		{E4B5A171-531C-4987-9E54-7204E68F8944} = {76F4A3EE-6F1A-4B91-BF72-D0382BE03675}
		{5335FEDB-96DF-4FF4-9D0E-606FD26D098B} = {F753231E-84D8-4226-AE81-F74C5A793E6E}
		{B1EBD18D-8A1C-4CC2-8D78-775125619CD6} = {5335FEDB-96DF-4FF4-9D0E-606FD26D098B}
		{2F065F85-98B1-4C68-8101-FF3C2D6E3664} = {76F4A3EE-6F1A-4B91-BF72-D0382BE03675}
	EndGlobalSection
	GlobalSection(ExtensibilityGlobals) = postSolution
		SolutionGuid = {E23D2172-9A43-4806-9739-B39D6DA6FEAC}
	EndGlobalSection
EndGlobal
