
Microsoft Visual Studio Solution File, Format Version 12.00
# Visual Studio 15
VisualStudioVersion = 15.0.26124.0
MinimumVisualStudioVersion = 15.0.26124.0
Project("{2150E333-8FDC-42A3-9474-1A3956D46DE8}") = "src", "src", "{F753231E-84D8-4226-AE81-F74C5A793E6E}"
EndProject
Project("{2150E333-8FDC-42A3-9474-1A3956D46DE8}") = "test", "test", "{862B5404-C709-47F7-80A5-D6265E358CDD}"
EndProject
Project("{9A19103F-16F7-4668-BE54-9A1E7A4F7556}") = "Cqrs", "src\cqrs\Cqrs.csproj", "{E17E649F-D7B4-4AF5-92E4-AA925756FD72}"
EndProject
Project("{9A19103F-16F7-4668-BE54-9A1E7A4F7556}") = "InMemoryEventstore", "src\eventstores\in-memory-eventstore\InMemoryEventstore.csproj", "{FBC9CD7F-E165-4AE4-9492-7D3735348BE0}"
EndProject
Project("{9A19103F-16F7-4668-BE54-9A1E7A4F7556}") = "Todo.Events", "src\todo-events\Todo.Events.csproj", "{295F2737-201D-40AD-AB83-DB7F0B8EA74F}"
EndProject
Project("{9A19103F-16F7-4668-BE54-9A1E7A4F7556}") = "Todo", "src\todo\Todo.csproj", "{32689430-89A3-4C16-A3D0-C11091676E28}"
EndProject
Project("{9A19103F-16F7-4668-BE54-9A1E7A4F7556}") = "Cqrs.Test", "test\cqrs-test\Cqrs.Test.csproj", "{971B50FA-843A-480B-8EB6-D6FEC890C838}"
EndProject
Project("{9A19103F-16F7-4668-BE54-9A1E7A4F7556}") = "Todo.Test", "test\todo-test\Todo.Test.csproj", "{7A0C7A48-773C-4205-B79B-18C7A10900B5}"
EndProject
Project("{2150E333-8FDC-42A3-9474-1A3956D46DE8}") = "eventstores", "eventstores", "{D09A1E28-B69C-46EB-9423-B9089BA3B1E4}"
EndProject
Project("{9A19103F-16F7-4668-BE54-9A1E7A4F7556}") = "Todo.ReadModel", "src\todo-readmodel\Todo.ReadModel.csproj", "{A1BA76EA-E4D6-4F9E-92DC-F4E28E4102AF}"
EndProject
Project("{9A19103F-16F7-4668-BE54-9A1E7A4F7556}") = "Todo.ReadModel.Test", "test\todo-readmodel-test\Todo.ReadModel.Test.csproj", "{35516C9E-5AF5-4C48-9CCE-D43BDA67ECA4}"
EndProject
Global
	GlobalSection(SolutionConfigurationPlatforms) = preSolution
		Debug|Any CPU = Debug|Any CPU
		Release|Any CPU = Release|Any CPU
	EndGlobalSection
	GlobalSection(ProjectConfigurationPlatforms) = postSolution
		{E17E649F-D7B4-4AF5-92E4-AA925756FD72}.Debug|Any CPU.ActiveCfg = Debug|Any CPU
		{E17E649F-D7B4-4AF5-92E4-AA925756FD72}.Debug|Any CPU.Build.0 = Debug|Any CPU
		{E17E649F-D7B4-4AF5-92E4-AA925756FD72}.Release|Any CPU.ActiveCfg = Release|Any CPU
		{E17E649F-D7B4-4AF5-92E4-AA925756FD72}.Release|Any CPU.Build.0 = Release|Any CPU
		{FBC9CD7F-E165-4AE4-9492-7D3735348BE0}.Debug|Any CPU.ActiveCfg = Debug|Any CPU
		{FBC9CD7F-E165-4AE4-9492-7D3735348BE0}.Debug|Any CPU.Build.0 = Debug|Any CPU
		{FBC9CD7F-E165-4AE4-9492-7D3735348BE0}.Release|Any CPU.ActiveCfg = Release|Any CPU
		{FBC9CD7F-E165-4AE4-9492-7D3735348BE0}.Release|Any CPU.Build.0 = Release|Any CPU
		{295F2737-201D-40AD-AB83-DB7F0B8EA74F}.Debug|Any CPU.ActiveCfg = Debug|Any CPU
		{295F2737-201D-40AD-AB83-DB7F0B8EA74F}.Debug|Any CPU.Build.0 = Debug|Any CPU
		{295F2737-201D-40AD-AB83-DB7F0B8EA74F}.Release|Any CPU.ActiveCfg = Release|Any CPU
		{295F2737-201D-40AD-AB83-DB7F0B8EA74F}.Release|Any CPU.Build.0 = Release|Any CPU
		{32689430-89A3-4C16-A3D0-C11091676E28}.Debug|Any CPU.ActiveCfg = Debug|Any CPU
		{32689430-89A3-4C16-A3D0-C11091676E28}.Debug|Any CPU.Build.0 = Debug|Any CPU
		{32689430-89A3-4C16-A3D0-C11091676E28}.Release|Any CPU.ActiveCfg = Release|Any CPU
		{32689430-89A3-4C16-A3D0-C11091676E28}.Release|Any CPU.Build.0 = Release|Any CPU
		{971B50FA-843A-480B-8EB6-D6FEC890C838}.Debug|Any CPU.ActiveCfg = Debug|Any CPU
		{971B50FA-843A-480B-8EB6-D6FEC890C838}.Debug|Any CPU.Build.0 = Debug|Any CPU
		{971B50FA-843A-480B-8EB6-D6FEC890C838}.Release|Any CPU.ActiveCfg = Release|Any CPU
		{971B50FA-843A-480B-8EB6-D6FEC890C838}.Release|Any CPU.Build.0 = Release|Any CPU
		{7A0C7A48-773C-4205-B79B-18C7A10900B5}.Debug|Any CPU.ActiveCfg = Debug|Any CPU
		{7A0C7A48-773C-4205-B79B-18C7A10900B5}.Debug|Any CPU.Build.0 = Debug|Any CPU
		{7A0C7A48-773C-4205-B79B-18C7A10900B5}.Release|Any CPU.ActiveCfg = Release|Any CPU
		{7A0C7A48-773C-4205-B79B-18C7A10900B5}.Release|Any CPU.Build.0 = Release|Any CPU
		{A1BA76EA-E4D6-4F9E-92DC-F4E28E4102AF}.Debug|Any CPU.ActiveCfg = Debug|Any CPU
		{A1BA76EA-E4D6-4F9E-92DC-F4E28E4102AF}.Debug|Any CPU.Build.0 = Debug|Any CPU
		{A1BA76EA-E4D6-4F9E-92DC-F4E28E4102AF}.Release|Any CPU.ActiveCfg = Release|Any CPU
		{A1BA76EA-E4D6-4F9E-92DC-F4E28E4102AF}.Release|Any CPU.Build.0 = Release|Any CPU
		{35516C9E-5AF5-4C48-9CCE-D43BDA67ECA4}.Debug|Any CPU.ActiveCfg = Debug|Any CPU
		{35516C9E-5AF5-4C48-9CCE-D43BDA67ECA4}.Debug|Any CPU.Build.0 = Debug|Any CPU
		{35516C9E-5AF5-4C48-9CCE-D43BDA67ECA4}.Release|Any CPU.ActiveCfg = Release|Any CPU
		{35516C9E-5AF5-4C48-9CCE-D43BDA67ECA4}.Release|Any CPU.Build.0 = Release|Any CPU
	EndGlobalSection
	GlobalSection(SolutionProperties) = preSolution
		HideSolutionNode = FALSE
	EndGlobalSection
	GlobalSection(NestedProjects) = preSolution
		{E17E649F-D7B4-4AF5-92E4-AA925756FD72} = {F753231E-84D8-4226-AE81-F74C5A793E6E}
		{FBC9CD7F-E165-4AE4-9492-7D3735348BE0} = {D09A1E28-B69C-46EB-9423-B9089BA3B1E4}
		{295F2737-201D-40AD-AB83-DB7F0B8EA74F} = {F753231E-84D8-4226-AE81-F74C5A793E6E}
		{32689430-89A3-4C16-A3D0-C11091676E28} = {F753231E-84D8-4226-AE81-F74C5A793E6E}
		{971B50FA-843A-480B-8EB6-D6FEC890C838} = {862B5404-C709-47F7-80A5-D6265E358CDD}
		{7A0C7A48-773C-4205-B79B-18C7A10900B5} = {862B5404-C709-47F7-80A5-D6265E358CDD}
		{D09A1E28-B69C-46EB-9423-B9089BA3B1E4} = {F753231E-84D8-4226-AE81-F74C5A793E6E}
		{A1BA76EA-E4D6-4F9E-92DC-F4E28E4102AF} = {F753231E-84D8-4226-AE81-F74C5A793E6E}
		{35516C9E-5AF5-4C48-9CCE-D43BDA67ECA4} = {862B5404-C709-47F7-80A5-D6265E358CDD}
	EndGlobalSection
	GlobalSection(ExtensibilityGlobals) = postSolution
		SolutionGuid = {E23D2172-9A43-4806-9739-B39D6DA6FEAC}
	EndGlobalSection
EndGlobal
